
Microsoft Visual Studio Solution File, Format Version 12.00
# Visual Studio 15
VisualStudioVersion = 15.0.27703.2042
MinimumVisualStudioVersion = 10.0.40219.1
Project("{888888A0-9F3D-457C-B088-3A5042F75D52}") = "my_spider58", "my_spider58\my_spider58.pyproj", "{B8527CDE-E39F-4116-8260-85F23AD338C6}"
EndProject
Global
	GlobalSection(SolutionConfigurationPlatforms) = preSolution
		Debug|Any CPU = Debug|Any CPU
		Release|Any CPU = Release|Any CPU
	EndGlobalSection
	GlobalSection(ProjectConfigurationPlatforms) = postSolution
		{B8527CDE-E39F-4116-8260-85F23AD338C6}.Debug|Any CPU.ActiveCfg = Debug|Any CPU
		{B8527CDE-E39F-4116-8260-85F23AD338C6}.Debug|Any CPU.Build.0 = Debug|Any CPU
		{B8527CDE-E39F-4116-8260-85F23AD338C6}.Release|Any CPU.ActiveCfg = Release|Any CPU
		{B8527CDE-E39F-4116-8260-85F23AD338C6}.Release|Any CPU.Build.0 = Release|Any CPU
	EndGlobalSection
	GlobalSection(SolutionProperties) = preSolution
		HideSolutionNode = FALSE
	EndGlobalSection
	GlobalSection(ExtensibilityGlobals) = postSolution
		SolutionGuid = {F49C6727-584C-4805-84FF-5CF4C668C090}
	EndGlobalSection
EndGlobal
