
Microsoft Visual Studio Solution File, Format Version 12.00
# Visual Studio 15
VisualStudioVersion = 15.0.27703.2035
MinimumVisualStudioVersion = 10.0.40219.1
Project("{FAE04EC0-301F-11D3-BF4B-00C04F79EFBC}") = "demos", "demos\demos.csproj", "{04DDA5A6-8094-4341-87D6-8C85770E20E3}"
EndProject
Global
	GlobalSection(SolutionConfigurationPlatforms) = preSolution
		Debug|Any CPU = Debug|Any CPU
		Release|Any CPU = Release|Any CPU
	EndGlobalSection
	GlobalSection(ProjectConfigurationPlatforms) = postSolution
		{04DDA5A6-8094-4341-87D6-8C85770E20E3}.Debug|Any CPU.ActiveCfg = Debug|Any CPU
		{04DDA5A6-8094-4341-87D6-8C85770E20E3}.Debug|Any CPU.Build.0 = Debug|Any CPU
		{04DDA5A6-8094-4341-87D6-8C85770E20E3}.Release|Any CPU.ActiveCfg = Release|Any CPU
		{04DDA5A6-8094-4341-87D6-8C85770E20E3}.Release|Any CPU.Build.0 = Release|Any CPU
	EndGlobalSection
	GlobalSection(SolutionProperties) = preSolution
		HideSolutionNode = FALSE
	EndGlobalSection
	GlobalSection(ExtensibilityGlobals) = postSolution
		SolutionGuid = {285B1330-4C81-4FEA-B5F4-5B9F7213CADC}
	EndGlobalSection
EndGlobal
