
Microsoft Visual Studio Solution File, Format Version 12.00
# Visual Studio 15
VisualStudioVersion = 15.0.27004.2009
MinimumVisualStudioVersion = 10.0.40219.1
Project("{FAE04EC0-301F-11D3-BF4B-00C04F79EFBC}") = "Peter.Windsor.Interceptor", "DotNet\Peter.Interceptor\Peter.Windsor.Interceptor.csproj", "{65FDC2DA-A315-4D7D-BB63-2CEC1C934CED}"
EndProject
Project("{FAE04EC0-301F-11D3-BF4B-00C04F79EFBC}") = "CastleAdditionalInterfaces", "DotNet\CastleAdditionalInterfaces\CastleAdditionalInterfaces.csproj", "{13852DA4-1671-4C3B-B09E-C34256E216F6}"
EndProject
Project("{FAE04EC0-301F-11D3-BF4B-00C04F79EFBC}") = "CRLTest", "DotNet\CRLTest\CRLTest.csproj", "{7DDFA110-FBD1-40A7-A30E-1E71FAA2698A}"
EndProject
Project("{FAE04EC0-301F-11D3-BF4B-00C04F79EFBC}") = "RegexTest", "DotNet\RegexTest\RegexTest.csproj", "{E6D37B2E-4161-40D1-87D4-DE9DDC063142}"
EndProject
Project("{FAE04EC0-301F-11D3-BF4B-00C04F79EFBC}") = "CompressSample", "DotNet\CompressSample\CompressSample\CompressSample.csproj", "{A1A2D2F1-A9D7-4698-8996-073E110501D2}"
EndProject
Project("{9A19103F-16F7-4668-BE54-9A1E7A4F7556}") = "IocContainer", "DotNet\IocContainer\IocContainer.csproj", "{7448E55E-C728-4801-80CE-52631991D112}"
EndProject
Project("{2150E333-8FDC-42A3-9474-1A3956D46DE8}") = "DotNet", "DotNet", "{C9911284-1BD7-4566-AF74-BC311E423877}"
EndProject
Project("{2150E333-8FDC-42A3-9474-1A3956D46DE8}") = "Python", "Python", "{49C9A4E7-6F71-499F-BDC8-51F4AC6F2182}"
EndProject
Project("{2150E333-8FDC-42A3-9474-1A3956D46DE8}") = "AutoMapper", "AutoMapper", "{F90F9B1B-17D0-49B2-B0DD-8991A0729CF2}"
EndProject
Project("{2150E333-8FDC-42A3-9474-1A3956D46DE8}") = "NetCore", "NetCore", "{625DF106-4805-4464-857A-FB1ABE41F1ED}"
EndProject
Project("{FAE04EC0-301F-11D3-BF4B-00C04F79EFBC}") = "AutoMapperLib1", "DotNet\AutoMapper\AutoMapperLib1\AutoMapperLib1.csproj", "{6C8B0EC6-5F18-4685-A338-5C4A517357B2}"
EndProject
Project("{FAE04EC0-301F-11D3-BF4B-00C04F79EFBC}") = "AutoMapperLib2", "DotNet\AutoMapper\AutoMapperLib2\AutoMapperLib2.csproj", "{0816A0D3-CDCB-4309-9DCE-6D4EB2AC0421}"
EndProject
Project("{FAE04EC0-301F-11D3-BF4B-00C04F79EFBC}") = "AutoMapperTest", "DotNet\AutoMapper\AutoMapperTest\AutoMapperTest.csproj", "{E801ECBC-166F-4717-A726-6F94187F5F72}"
EndProject
Project("{9A19103F-16F7-4668-BE54-9A1E7A4F7556}") = "PostSqlMvcDemo", "NetCore\PostSqlMvcDemo\PostSqlMvcDemo.csproj", "{586A91ED-0C21-44FA-BE2E-21BA3FCA4062}"
EndProject
Project("{9A19103F-16F7-4668-BE54-9A1E7A4F7556}") = "PostSqlMvcDemoUnitTest", "NetCore\PostSqlMvcDemoUnitTest\PostSqlMvcDemoUnitTest.csproj", "{D0B805C3-5BA8-4C30-94FF-357DAEC4E9A8}"
EndProject
Project("{9A19103F-16F7-4668-BE54-9A1E7A4F7556}") = "PostSqlMvcxUnitTest", "NetCore\PostSqlMvcxUnitTest\PostSqlMvcxUnitTest.csproj", "{AD1183DD-C7E7-4ACB-A03F-8616714C2661}"
EndProject
Project("{9A19103F-16F7-4668-BE54-9A1E7A4F7556}") = "ApiDemo", "NetCore\ApiDemo\ApiDemo.csproj", "{64CFEB51-8094-47C3-AAD9-0C3D5449E955}"
EndProject
Project("{9A19103F-16F7-4668-BE54-9A1E7A4F7556}") = "DatabaseMigration", "NetCore\DatabaseMigration\DatabaseMigration.csproj", "{66FC0E68-7E61-48BB-810B-E4AA5210042A}"
EndProject
Project("{9A19103F-16F7-4668-BE54-9A1E7A4F7556}") = "DatabaseFirst", "NetCore\DatabaseFirst\DatabaseFirst.csproj", "{18F55F3F-0FB2-43D2-8F07-30E4705DA5EA}"
EndProject
Project("{9A19103F-16F7-4668-BE54-9A1E7A4F7556}") = "OptionsPattern", "NetCore\OptionsPattern\OptionsPattern.csproj", "{3F9A9396-C1BE-4C76-A97E-F3E821B6C722}"
EndProject
Project("{9A19103F-16F7-4668-BE54-9A1E7A4F7556}") = "ViewComponents", "NetCore\ViewComponents\ViewComponents.csproj", "{11FD484A-155A-49D1-B0F4-2EF62E6C2050}"
EndProject
Project("{9A19103F-16F7-4668-BE54-9A1E7A4F7556}") = "NetCoreHostPort", "NetCore\NetCoreHostPort\NetCoreHostPort.csproj", "{8A232682-0833-4094-BDE8-BB7C463DA565}"
EndProject
Project("{2150E333-8FDC-42A3-9474-1A3956D46DE8}") = "DDDTest", "DDDTest", "{9D9275EA-03B3-4619-BF19-CE4663725B36}"
EndProject
Project("{9A19103F-16F7-4668-BE54-9A1E7A4F7556}") = "Web", "NetCore\DDDTest\Web\Web.csproj", "{9DD69F4E-4421-42C4-8CD9-59271CBCF044}"
EndProject
Project("{2150E333-8FDC-42A3-9474-1A3956D46DE8}") = "APIToken", "APIToken", "{2DFAC018-9B3C-4132-BCE4-3CC0F378402B}"
EndProject
Project("{9A19103F-16F7-4668-BE54-9A1E7A4F7556}") = "API", "NetCore\ApiToken\API\API.csproj", "{BBDAE02D-573C-4AA6-92C1-F8E1B5F20A5C}"
EndProject
Project("{9A19103F-16F7-4668-BE54-9A1E7A4F7556}") = "ScriptClient", "NetCore\ApiToken\ScriptClient\ScriptClient.csproj", "{594BC4CF-46A5-422F-9E3D-7FCA66AC9F34}"
EndProject
Project("{2150E333-8FDC-42A3-9474-1A3956D46DE8}") = "DDDBasic", "DDDBasic", "{ACD41BA5-5821-447F-9CB9-898FE67770EB}"
EndProject
Project("{9A19103F-16F7-4668-BE54-9A1E7A4F7556}") = "DDDCore", "NetCore\DDDBasic\DDDCore\DDDCore.csproj", "{3C82FC2B-54FA-49FA-A806-A1CB6E79710F}"
EndProject
Project("{9A19103F-16F7-4668-BE54-9A1E7A4F7556}") = "DDD.Utiles", "NetCore\DDDBasic\DDDUtiles\DDD.Utiles.csproj", "{60E17715-E0EE-4F3E-B802-C71F40D1DF54}"
EndProject
Project("{888888A0-9F3D-457C-B088-3A5042F75D52}") = "my_spider58", "Python\my_spider58_1\my_spider58\my_spider58.pyproj", "{B8527CDE-E39F-4116-8260-85F23AD338C6}"
EndProject
Project("{9A19103F-16F7-4668-BE54-9A1E7A4F7556}") = "Asp.NetCoreWebApi.JWT", "NetCore\ApiToken\Asp.NetCoreWebApi.JWT\Asp.NetCoreWebApi.JWT.csproj", "{1B5E02D1-DAE1-48B7-8B43-73A1E79403E3}"
EndProject
Project("{888888A0-9F3D-457C-B088-3A5042F75D52}") = "Python-Spider", "Python\Python-Spider\Python-Spider.pyproj", "{A75550DE-0D8E-4DD8-B9C7-3698C6F0F539}"
EndProject
Project("{2150E333-8FDC-42A3-9474-1A3956D46DE8}") = "Excel", "Excel", "{A76BC047-D514-46C8-9EE9-6C94A5BF8E5E}"
EndProject
Project("{9A19103F-16F7-4668-BE54-9A1E7A4F7556}") = "Peter.ExcelOperation", "NetCore\Excel\Peter.ExcelOperation\Peter.ExcelOperation.csproj", "{536F0A5D-7733-431D-9DB1-D5FA5C17C1AB}"
EndProject
Project("{9A19103F-16F7-4668-BE54-9A1E7A4F7556}") = "SampleWebApp.Core", "NetCore\Excel\SampleWebApp.Core\SampleWebApp.Core.csproj", "{ECAEEC5B-29CB-46E9-B501-CB3FECE5BF29}"
EndProject
Project("{888888A0-9F3D-457C-B088-3A5042F75D52}") = "SpiderFramework", "Python\SpiderFramework\SpiderFramework.pyproj", "{FA48A348-17E8-42D5-9FE3-898BDFC85DC1}"
EndProject
Project("{9A19103F-16F7-4668-BE54-9A1E7A4F7556}") = "JwtAuth", "JwtAuth\JwtAuth.csproj", "{15F85F81-98AB-4A5E-95AC-5BA055E72013}"
EndProject
Project("{2150E333-8FDC-42A3-9474-1A3956D46DE8}") = "Identity", "Identity", "{157D2F84-B54F-44C6-B075-4F281FB76C6B}"
EndProject
Project("{9A19103F-16F7-4668-BE54-9A1E7A4F7556}") = "IdentityTest", "NetCore\Identiy\IdentityTest\IdentityTest.csproj", "{42C5C3CA-9154-40CE-A889-75C83C3539FA}"
EndProject
Project("{2150E333-8FDC-42A3-9474-1A3956D46DE8}") = "SingleFunctionTest", "SingleFunctionTest", "{921B3B9B-6FDF-41FB-A285-E5C06121AE72}"
EndProject
Project("{9A19103F-16F7-4668-BE54-9A1E7A4F7556}") = "DataTableTest", "NetCore\SingleFunctionTest\DataTableTest\DataTableTest.csproj", "{569CCCC1-1CF9-4693-B366-80F9A3414E18}"
EndProject
Project("{9A19103F-16F7-4668-BE54-9A1E7A4F7556}") = "netcoreAuthapi", "NetCore\Identiy\netcoreAuthapi\netcoreAuthapi.csproj", "{61300B2C-6260-466F-871A-C381ACA47F96}"
EndProject
Project("{888888A0-9F3D-457C-B088-3A5042F75D52}") = "scipytlearning", "Python\scipytlearning\scipytlearning.pyproj", "{A3CB5CD9-85C1-4BBE-A5FD-DED9BCEF82B2}"
EndProject
Global
	GlobalSection(SolutionConfigurationPlatforms) = preSolution
		Debug|Any CPU = Debug|Any CPU
		Debug|x86 = Debug|x86
		Release|Any CPU = Release|Any CPU
		Release|x86 = Release|x86
	EndGlobalSection
	GlobalSection(ProjectConfigurationPlatforms) = postSolution
		{65FDC2DA-A315-4D7D-BB63-2CEC1C934CED}.Debug|Any CPU.ActiveCfg = Debug|Any CPU
		{65FDC2DA-A315-4D7D-BB63-2CEC1C934CED}.Debug|Any CPU.Build.0 = Debug|Any CPU
		{65FDC2DA-A315-4D7D-BB63-2CEC1C934CED}.Debug|x86.ActiveCfg = Debug|Any CPU
		{65FDC2DA-A315-4D7D-BB63-2CEC1C934CED}.Debug|x86.Build.0 = Debug|Any CPU
		{65FDC2DA-A315-4D7D-BB63-2CEC1C934CED}.Release|Any CPU.ActiveCfg = Release|Any CPU
		{65FDC2DA-A315-4D7D-BB63-2CEC1C934CED}.Release|Any CPU.Build.0 = Release|Any CPU
		{65FDC2DA-A315-4D7D-BB63-2CEC1C934CED}.Release|x86.ActiveCfg = Release|Any CPU
		{65FDC2DA-A315-4D7D-BB63-2CEC1C934CED}.Release|x86.Build.0 = Release|Any CPU
		{13852DA4-1671-4C3B-B09E-C34256E216F6}.Debug|Any CPU.ActiveCfg = Debug|Any CPU
		{13852DA4-1671-4C3B-B09E-C34256E216F6}.Debug|Any CPU.Build.0 = Debug|Any CPU
		{13852DA4-1671-4C3B-B09E-C34256E216F6}.Debug|x86.ActiveCfg = Debug|Any CPU
		{13852DA4-1671-4C3B-B09E-C34256E216F6}.Debug|x86.Build.0 = Debug|Any CPU
		{13852DA4-1671-4C3B-B09E-C34256E216F6}.Release|Any CPU.ActiveCfg = Release|Any CPU
		{13852DA4-1671-4C3B-B09E-C34256E216F6}.Release|Any CPU.Build.0 = Release|Any CPU
		{13852DA4-1671-4C3B-B09E-C34256E216F6}.Release|x86.ActiveCfg = Release|Any CPU
		{13852DA4-1671-4C3B-B09E-C34256E216F6}.Release|x86.Build.0 = Release|Any CPU
		{7DDFA110-FBD1-40A7-A30E-1E71FAA2698A}.Debug|Any CPU.ActiveCfg = Debug|Any CPU
		{7DDFA110-FBD1-40A7-A30E-1E71FAA2698A}.Debug|Any CPU.Build.0 = Debug|Any CPU
		{7DDFA110-FBD1-40A7-A30E-1E71FAA2698A}.Debug|x86.ActiveCfg = Debug|Any CPU
		{7DDFA110-FBD1-40A7-A30E-1E71FAA2698A}.Debug|x86.Build.0 = Debug|Any CPU
		{7DDFA110-FBD1-40A7-A30E-1E71FAA2698A}.Release|Any CPU.ActiveCfg = Release|Any CPU
		{7DDFA110-FBD1-40A7-A30E-1E71FAA2698A}.Release|Any CPU.Build.0 = Release|Any CPU
		{7DDFA110-FBD1-40A7-A30E-1E71FAA2698A}.Release|x86.ActiveCfg = Release|Any CPU
		{7DDFA110-FBD1-40A7-A30E-1E71FAA2698A}.Release|x86.Build.0 = Release|Any CPU
		{E6D37B2E-4161-40D1-87D4-DE9DDC063142}.Debug|Any CPU.ActiveCfg = Debug|Any CPU
		{E6D37B2E-4161-40D1-87D4-DE9DDC063142}.Debug|Any CPU.Build.0 = Debug|Any CPU
		{E6D37B2E-4161-40D1-87D4-DE9DDC063142}.Debug|x86.ActiveCfg = Debug|Any CPU
		{E6D37B2E-4161-40D1-87D4-DE9DDC063142}.Debug|x86.Build.0 = Debug|Any CPU
		{E6D37B2E-4161-40D1-87D4-DE9DDC063142}.Release|Any CPU.ActiveCfg = Release|Any CPU
		{E6D37B2E-4161-40D1-87D4-DE9DDC063142}.Release|Any CPU.Build.0 = Release|Any CPU
		{E6D37B2E-4161-40D1-87D4-DE9DDC063142}.Release|x86.ActiveCfg = Release|Any CPU
		{E6D37B2E-4161-40D1-87D4-DE9DDC063142}.Release|x86.Build.0 = Release|Any CPU
		{A1A2D2F1-A9D7-4698-8996-073E110501D2}.Debug|Any CPU.ActiveCfg = Debug|x86
		{A1A2D2F1-A9D7-4698-8996-073E110501D2}.Debug|x86.ActiveCfg = Debug|x86
		{A1A2D2F1-A9D7-4698-8996-073E110501D2}.Debug|x86.Build.0 = Debug|x86
		{A1A2D2F1-A9D7-4698-8996-073E110501D2}.Release|Any CPU.ActiveCfg = Release|x86
		{A1A2D2F1-A9D7-4698-8996-073E110501D2}.Release|x86.ActiveCfg = Release|x86
		{A1A2D2F1-A9D7-4698-8996-073E110501D2}.Release|x86.Build.0 = Release|x86
		{7448E55E-C728-4801-80CE-52631991D112}.Debug|Any CPU.ActiveCfg = Debug|Any CPU
		{7448E55E-C728-4801-80CE-52631991D112}.Debug|Any CPU.Build.0 = Debug|Any CPU
		{7448E55E-C728-4801-80CE-52631991D112}.Debug|x86.ActiveCfg = Debug|Any CPU
		{7448E55E-C728-4801-80CE-52631991D112}.Debug|x86.Build.0 = Debug|Any CPU
		{7448E55E-C728-4801-80CE-52631991D112}.Release|Any CPU.ActiveCfg = Release|Any CPU
		{7448E55E-C728-4801-80CE-52631991D112}.Release|Any CPU.Build.0 = Release|Any CPU
		{7448E55E-C728-4801-80CE-52631991D112}.Release|x86.ActiveCfg = Release|Any CPU
		{7448E55E-C728-4801-80CE-52631991D112}.Release|x86.Build.0 = Release|Any CPU
		{6C8B0EC6-5F18-4685-A338-5C4A517357B2}.Debug|Any CPU.ActiveCfg = Debug|Any CPU
		{6C8B0EC6-5F18-4685-A338-5C4A517357B2}.Debug|Any CPU.Build.0 = Debug|Any CPU
		{6C8B0EC6-5F18-4685-A338-5C4A517357B2}.Debug|x86.ActiveCfg = Debug|Any CPU
		{6C8B0EC6-5F18-4685-A338-5C4A517357B2}.Debug|x86.Build.0 = Debug|Any CPU
		{6C8B0EC6-5F18-4685-A338-5C4A517357B2}.Release|Any CPU.ActiveCfg = Release|Any CPU
		{6C8B0EC6-5F18-4685-A338-5C4A517357B2}.Release|Any CPU.Build.0 = Release|Any CPU
		{6C8B0EC6-5F18-4685-A338-5C4A517357B2}.Release|x86.ActiveCfg = Release|Any CPU
		{6C8B0EC6-5F18-4685-A338-5C4A517357B2}.Release|x86.Build.0 = Release|Any CPU
		{0816A0D3-CDCB-4309-9DCE-6D4EB2AC0421}.Debug|Any CPU.ActiveCfg = Debug|Any CPU
		{0816A0D3-CDCB-4309-9DCE-6D4EB2AC0421}.Debug|Any CPU.Build.0 = Debug|Any CPU
		{0816A0D3-CDCB-4309-9DCE-6D4EB2AC0421}.Debug|x86.ActiveCfg = Debug|Any CPU
		{0816A0D3-CDCB-4309-9DCE-6D4EB2AC0421}.Debug|x86.Build.0 = Debug|Any CPU
		{0816A0D3-CDCB-4309-9DCE-6D4EB2AC0421}.Release|Any CPU.ActiveCfg = Release|Any CPU
		{0816A0D3-CDCB-4309-9DCE-6D4EB2AC0421}.Release|Any CPU.Build.0 = Release|Any CPU
		{0816A0D3-CDCB-4309-9DCE-6D4EB2AC0421}.Release|x86.ActiveCfg = Release|Any CPU
		{0816A0D3-CDCB-4309-9DCE-6D4EB2AC0421}.Release|x86.Build.0 = Release|Any CPU
		{E801ECBC-166F-4717-A726-6F94187F5F72}.Debug|Any CPU.ActiveCfg = Debug|Any CPU
		{E801ECBC-166F-4717-A726-6F94187F5F72}.Debug|Any CPU.Build.0 = Debug|Any CPU
		{E801ECBC-166F-4717-A726-6F94187F5F72}.Debug|x86.ActiveCfg = Debug|Any CPU
		{E801ECBC-166F-4717-A726-6F94187F5F72}.Debug|x86.Build.0 = Debug|Any CPU
		{E801ECBC-166F-4717-A726-6F94187F5F72}.Release|Any CPU.ActiveCfg = Release|Any CPU
		{E801ECBC-166F-4717-A726-6F94187F5F72}.Release|Any CPU.Build.0 = Release|Any CPU
		{E801ECBC-166F-4717-A726-6F94187F5F72}.Release|x86.ActiveCfg = Release|Any CPU
		{E801ECBC-166F-4717-A726-6F94187F5F72}.Release|x86.Build.0 = Release|Any CPU
		{586A91ED-0C21-44FA-BE2E-21BA3FCA4062}.Debug|Any CPU.ActiveCfg = Debug|Any CPU
		{586A91ED-0C21-44FA-BE2E-21BA3FCA4062}.Debug|Any CPU.Build.0 = Debug|Any CPU
		{586A91ED-0C21-44FA-BE2E-21BA3FCA4062}.Debug|x86.ActiveCfg = Debug|Any CPU
		{586A91ED-0C21-44FA-BE2E-21BA3FCA4062}.Debug|x86.Build.0 = Debug|Any CPU
		{586A91ED-0C21-44FA-BE2E-21BA3FCA4062}.Release|Any CPU.ActiveCfg = Release|Any CPU
		{586A91ED-0C21-44FA-BE2E-21BA3FCA4062}.Release|Any CPU.Build.0 = Release|Any CPU
		{586A91ED-0C21-44FA-BE2E-21BA3FCA4062}.Release|x86.ActiveCfg = Release|Any CPU
		{586A91ED-0C21-44FA-BE2E-21BA3FCA4062}.Release|x86.Build.0 = Release|Any CPU
		{D0B805C3-5BA8-4C30-94FF-357DAEC4E9A8}.Debug|Any CPU.ActiveCfg = Debug|Any CPU
		{D0B805C3-5BA8-4C30-94FF-357DAEC4E9A8}.Debug|Any CPU.Build.0 = Debug|Any CPU
		{D0B805C3-5BA8-4C30-94FF-357DAEC4E9A8}.Debug|x86.ActiveCfg = Debug|Any CPU
		{D0B805C3-5BA8-4C30-94FF-357DAEC4E9A8}.Debug|x86.Build.0 = Debug|Any CPU
		{D0B805C3-5BA8-4C30-94FF-357DAEC4E9A8}.Release|Any CPU.ActiveCfg = Release|Any CPU
		{D0B805C3-5BA8-4C30-94FF-357DAEC4E9A8}.Release|Any CPU.Build.0 = Release|Any CPU
		{D0B805C3-5BA8-4C30-94FF-357DAEC4E9A8}.Release|x86.ActiveCfg = Release|Any CPU
		{D0B805C3-5BA8-4C30-94FF-357DAEC4E9A8}.Release|x86.Build.0 = Release|Any CPU
		{AD1183DD-C7E7-4ACB-A03F-8616714C2661}.Debug|Any CPU.ActiveCfg = Debug|Any CPU
		{AD1183DD-C7E7-4ACB-A03F-8616714C2661}.Debug|Any CPU.Build.0 = Debug|Any CPU
		{AD1183DD-C7E7-4ACB-A03F-8616714C2661}.Debug|x86.ActiveCfg = Debug|Any CPU
		{AD1183DD-C7E7-4ACB-A03F-8616714C2661}.Debug|x86.Build.0 = Debug|Any CPU
		{AD1183DD-C7E7-4ACB-A03F-8616714C2661}.Release|Any CPU.ActiveCfg = Release|Any CPU
		{AD1183DD-C7E7-4ACB-A03F-8616714C2661}.Release|Any CPU.Build.0 = Release|Any CPU
		{AD1183DD-C7E7-4ACB-A03F-8616714C2661}.Release|x86.ActiveCfg = Release|Any CPU
		{AD1183DD-C7E7-4ACB-A03F-8616714C2661}.Release|x86.Build.0 = Release|Any CPU
		{64CFEB51-8094-47C3-AAD9-0C3D5449E955}.Debug|Any CPU.ActiveCfg = Debug|Any CPU
		{64CFEB51-8094-47C3-AAD9-0C3D5449E955}.Debug|Any CPU.Build.0 = Debug|Any CPU
		{64CFEB51-8094-47C3-AAD9-0C3D5449E955}.Debug|x86.ActiveCfg = Debug|Any CPU
		{64CFEB51-8094-47C3-AAD9-0C3D5449E955}.Debug|x86.Build.0 = Debug|Any CPU
		{64CFEB51-8094-47C3-AAD9-0C3D5449E955}.Release|Any CPU.ActiveCfg = Release|Any CPU
		{64CFEB51-8094-47C3-AAD9-0C3D5449E955}.Release|Any CPU.Build.0 = Release|Any CPU
		{64CFEB51-8094-47C3-AAD9-0C3D5449E955}.Release|x86.ActiveCfg = Release|Any CPU
		{64CFEB51-8094-47C3-AAD9-0C3D5449E955}.Release|x86.Build.0 = Release|Any CPU
		{66FC0E68-7E61-48BB-810B-E4AA5210042A}.Debug|Any CPU.ActiveCfg = Debug|Any CPU
		{66FC0E68-7E61-48BB-810B-E4AA5210042A}.Debug|Any CPU.Build.0 = Debug|Any CPU
		{66FC0E68-7E61-48BB-810B-E4AA5210042A}.Debug|x86.ActiveCfg = Debug|Any CPU
		{66FC0E68-7E61-48BB-810B-E4AA5210042A}.Debug|x86.Build.0 = Debug|Any CPU
		{66FC0E68-7E61-48BB-810B-E4AA5210042A}.Release|Any CPU.ActiveCfg = Release|Any CPU
		{66FC0E68-7E61-48BB-810B-E4AA5210042A}.Release|Any CPU.Build.0 = Release|Any CPU
		{66FC0E68-7E61-48BB-810B-E4AA5210042A}.Release|x86.ActiveCfg = Release|Any CPU
		{66FC0E68-7E61-48BB-810B-E4AA5210042A}.Release|x86.Build.0 = Release|Any CPU
		{18F55F3F-0FB2-43D2-8F07-30E4705DA5EA}.Debug|Any CPU.ActiveCfg = Debug|Any CPU
		{18F55F3F-0FB2-43D2-8F07-30E4705DA5EA}.Debug|Any CPU.Build.0 = Debug|Any CPU
		{18F55F3F-0FB2-43D2-8F07-30E4705DA5EA}.Debug|x86.ActiveCfg = Debug|Any CPU
		{18F55F3F-0FB2-43D2-8F07-30E4705DA5EA}.Debug|x86.Build.0 = Debug|Any CPU
		{18F55F3F-0FB2-43D2-8F07-30E4705DA5EA}.Release|Any CPU.ActiveCfg = Release|Any CPU
		{18F55F3F-0FB2-43D2-8F07-30E4705DA5EA}.Release|Any CPU.Build.0 = Release|Any CPU
		{18F55F3F-0FB2-43D2-8F07-30E4705DA5EA}.Release|x86.ActiveCfg = Release|Any CPU
		{18F55F3F-0FB2-43D2-8F07-30E4705DA5EA}.Release|x86.Build.0 = Release|Any CPU
		{3F9A9396-C1BE-4C76-A97E-F3E821B6C722}.Debug|Any CPU.ActiveCfg = Debug|Any CPU
		{3F9A9396-C1BE-4C76-A97E-F3E821B6C722}.Debug|Any CPU.Build.0 = Debug|Any CPU
		{3F9A9396-C1BE-4C76-A97E-F3E821B6C722}.Debug|x86.ActiveCfg = Debug|Any CPU
		{3F9A9396-C1BE-4C76-A97E-F3E821B6C722}.Debug|x86.Build.0 = Debug|Any CPU
		{3F9A9396-C1BE-4C76-A97E-F3E821B6C722}.Release|Any CPU.ActiveCfg = Release|Any CPU
		{3F9A9396-C1BE-4C76-A97E-F3E821B6C722}.Release|Any CPU.Build.0 = Release|Any CPU
		{3F9A9396-C1BE-4C76-A97E-F3E821B6C722}.Release|x86.ActiveCfg = Release|Any CPU
		{3F9A9396-C1BE-4C76-A97E-F3E821B6C722}.Release|x86.Build.0 = Release|Any CPU
		{11FD484A-155A-49D1-B0F4-2EF62E6C2050}.Debug|Any CPU.ActiveCfg = Debug|Any CPU
		{11FD484A-155A-49D1-B0F4-2EF62E6C2050}.Debug|Any CPU.Build.0 = Debug|Any CPU
		{11FD484A-155A-49D1-B0F4-2EF62E6C2050}.Debug|x86.ActiveCfg = Debug|Any CPU
		{11FD484A-155A-49D1-B0F4-2EF62E6C2050}.Debug|x86.Build.0 = Debug|Any CPU
		{11FD484A-155A-49D1-B0F4-2EF62E6C2050}.Release|Any CPU.ActiveCfg = Release|Any CPU
		{11FD484A-155A-49D1-B0F4-2EF62E6C2050}.Release|Any CPU.Build.0 = Release|Any CPU
		{11FD484A-155A-49D1-B0F4-2EF62E6C2050}.Release|x86.ActiveCfg = Release|Any CPU
		{11FD484A-155A-49D1-B0F4-2EF62E6C2050}.Release|x86.Build.0 = Release|Any CPU
		{8A232682-0833-4094-BDE8-BB7C463DA565}.Debug|Any CPU.ActiveCfg = Debug|Any CPU
		{8A232682-0833-4094-BDE8-BB7C463DA565}.Debug|Any CPU.Build.0 = Debug|Any CPU
		{8A232682-0833-4094-BDE8-BB7C463DA565}.Debug|x86.ActiveCfg = Debug|Any CPU
		{8A232682-0833-4094-BDE8-BB7C463DA565}.Debug|x86.Build.0 = Debug|Any CPU
		{8A232682-0833-4094-BDE8-BB7C463DA565}.Release|Any CPU.ActiveCfg = Release|Any CPU
		{8A232682-0833-4094-BDE8-BB7C463DA565}.Release|Any CPU.Build.0 = Release|Any CPU
		{8A232682-0833-4094-BDE8-BB7C463DA565}.Release|x86.ActiveCfg = Release|Any CPU
		{8A232682-0833-4094-BDE8-BB7C463DA565}.Release|x86.Build.0 = Release|Any CPU
		{9DD69F4E-4421-42C4-8CD9-59271CBCF044}.Debug|Any CPU.ActiveCfg = Debug|Any CPU
		{9DD69F4E-4421-42C4-8CD9-59271CBCF044}.Debug|Any CPU.Build.0 = Debug|Any CPU
		{9DD69F4E-4421-42C4-8CD9-59271CBCF044}.Debug|x86.ActiveCfg = Debug|Any CPU
		{9DD69F4E-4421-42C4-8CD9-59271CBCF044}.Debug|x86.Build.0 = Debug|Any CPU
		{9DD69F4E-4421-42C4-8CD9-59271CBCF044}.Release|Any CPU.ActiveCfg = Release|Any CPU
		{9DD69F4E-4421-42C4-8CD9-59271CBCF044}.Release|Any CPU.Build.0 = Release|Any CPU
		{9DD69F4E-4421-42C4-8CD9-59271CBCF044}.Release|x86.ActiveCfg = Release|Any CPU
		{9DD69F4E-4421-42C4-8CD9-59271CBCF044}.Release|x86.Build.0 = Release|Any CPU
		{BBDAE02D-573C-4AA6-92C1-F8E1B5F20A5C}.Debug|Any CPU.ActiveCfg = Debug|Any CPU
		{BBDAE02D-573C-4AA6-92C1-F8E1B5F20A5C}.Debug|Any CPU.Build.0 = Debug|Any CPU
		{BBDAE02D-573C-4AA6-92C1-F8E1B5F20A5C}.Debug|x86.ActiveCfg = Debug|Any CPU
		{BBDAE02D-573C-4AA6-92C1-F8E1B5F20A5C}.Debug|x86.Build.0 = Debug|Any CPU
		{BBDAE02D-573C-4AA6-92C1-F8E1B5F20A5C}.Release|Any CPU.ActiveCfg = Release|Any CPU
		{BBDAE02D-573C-4AA6-92C1-F8E1B5F20A5C}.Release|Any CPU.Build.0 = Release|Any CPU
		{BBDAE02D-573C-4AA6-92C1-F8E1B5F20A5C}.Release|x86.ActiveCfg = Release|Any CPU
		{BBDAE02D-573C-4AA6-92C1-F8E1B5F20A5C}.Release|x86.Build.0 = Release|Any CPU
		{594BC4CF-46A5-422F-9E3D-7FCA66AC9F34}.Debug|Any CPU.ActiveCfg = Debug|Any CPU
		{594BC4CF-46A5-422F-9E3D-7FCA66AC9F34}.Debug|Any CPU.Build.0 = Debug|Any CPU
		{594BC4CF-46A5-422F-9E3D-7FCA66AC9F34}.Debug|x86.ActiveCfg = Debug|Any CPU
		{594BC4CF-46A5-422F-9E3D-7FCA66AC9F34}.Debug|x86.Build.0 = Debug|Any CPU
		{594BC4CF-46A5-422F-9E3D-7FCA66AC9F34}.Release|Any CPU.ActiveCfg = Release|Any CPU
		{594BC4CF-46A5-422F-9E3D-7FCA66AC9F34}.Release|Any CPU.Build.0 = Release|Any CPU
		{594BC4CF-46A5-422F-9E3D-7FCA66AC9F34}.Release|x86.ActiveCfg = Release|Any CPU
		{594BC4CF-46A5-422F-9E3D-7FCA66AC9F34}.Release|x86.Build.0 = Release|Any CPU
		{3C82FC2B-54FA-49FA-A806-A1CB6E79710F}.Debug|Any CPU.ActiveCfg = Debug|Any CPU
		{3C82FC2B-54FA-49FA-A806-A1CB6E79710F}.Debug|Any CPU.Build.0 = Debug|Any CPU
		{3C82FC2B-54FA-49FA-A806-A1CB6E79710F}.Debug|x86.ActiveCfg = Debug|Any CPU
		{3C82FC2B-54FA-49FA-A806-A1CB6E79710F}.Debug|x86.Build.0 = Debug|Any CPU
		{3C82FC2B-54FA-49FA-A806-A1CB6E79710F}.Release|Any CPU.ActiveCfg = Release|Any CPU
		{3C82FC2B-54FA-49FA-A806-A1CB6E79710F}.Release|Any CPU.Build.0 = Release|Any CPU
		{3C82FC2B-54FA-49FA-A806-A1CB6E79710F}.Release|x86.ActiveCfg = Release|Any CPU
		{3C82FC2B-54FA-49FA-A806-A1CB6E79710F}.Release|x86.Build.0 = Release|Any CPU
		{60E17715-E0EE-4F3E-B802-C71F40D1DF54}.Debug|Any CPU.ActiveCfg = Debug|Any CPU
		{60E17715-E0EE-4F3E-B802-C71F40D1DF54}.Debug|Any CPU.Build.0 = Debug|Any CPU
		{60E17715-E0EE-4F3E-B802-C71F40D1DF54}.Debug|x86.ActiveCfg = Debug|Any CPU
		{60E17715-E0EE-4F3E-B802-C71F40D1DF54}.Debug|x86.Build.0 = Debug|Any CPU
		{60E17715-E0EE-4F3E-B802-C71F40D1DF54}.Release|Any CPU.ActiveCfg = Release|Any CPU
		{60E17715-E0EE-4F3E-B802-C71F40D1DF54}.Release|Any CPU.Build.0 = Release|Any CPU
		{60E17715-E0EE-4F3E-B802-C71F40D1DF54}.Release|x86.ActiveCfg = Release|Any CPU
		{60E17715-E0EE-4F3E-B802-C71F40D1DF54}.Release|x86.Build.0 = Release|Any CPU
		{B8527CDE-E39F-4116-8260-85F23AD338C6}.Debug|Any CPU.ActiveCfg = Debug|Any CPU
		{B8527CDE-E39F-4116-8260-85F23AD338C6}.Debug|Any CPU.Build.0 = Debug|Any CPU
		{B8527CDE-E39F-4116-8260-85F23AD338C6}.Debug|x86.ActiveCfg = Debug|Any CPU
		{B8527CDE-E39F-4116-8260-85F23AD338C6}.Debug|x86.Build.0 = Debug|Any CPU
		{B8527CDE-E39F-4116-8260-85F23AD338C6}.Release|Any CPU.ActiveCfg = Release|Any CPU
		{B8527CDE-E39F-4116-8260-85F23AD338C6}.Release|Any CPU.Build.0 = Release|Any CPU
		{B8527CDE-E39F-4116-8260-85F23AD338C6}.Release|x86.ActiveCfg = Release|Any CPU
		{B8527CDE-E39F-4116-8260-85F23AD338C6}.Release|x86.Build.0 = Release|Any CPU
		{1B5E02D1-DAE1-48B7-8B43-73A1E79403E3}.Debug|Any CPU.ActiveCfg = Debug|Any CPU
		{1B5E02D1-DAE1-48B7-8B43-73A1E79403E3}.Debug|Any CPU.Build.0 = Debug|Any CPU
		{1B5E02D1-DAE1-48B7-8B43-73A1E79403E3}.Debug|x86.ActiveCfg = Debug|Any CPU
		{1B5E02D1-DAE1-48B7-8B43-73A1E79403E3}.Debug|x86.Build.0 = Debug|Any CPU
		{1B5E02D1-DAE1-48B7-8B43-73A1E79403E3}.Release|Any CPU.ActiveCfg = Release|Any CPU
		{1B5E02D1-DAE1-48B7-8B43-73A1E79403E3}.Release|Any CPU.Build.0 = Release|Any CPU
		{1B5E02D1-DAE1-48B7-8B43-73A1E79403E3}.Release|x86.ActiveCfg = Release|Any CPU
		{1B5E02D1-DAE1-48B7-8B43-73A1E79403E3}.Release|x86.Build.0 = Release|Any CPU
		{A75550DE-0D8E-4DD8-B9C7-3698C6F0F539}.Debug|Any CPU.ActiveCfg = Debug|Any CPU
		{A75550DE-0D8E-4DD8-B9C7-3698C6F0F539}.Debug|Any CPU.Build.0 = Debug|Any CPU
		{A75550DE-0D8E-4DD8-B9C7-3698C6F0F539}.Debug|x86.ActiveCfg = Debug|Any CPU
		{A75550DE-0D8E-4DD8-B9C7-3698C6F0F539}.Debug|x86.Build.0 = Debug|Any CPU
		{A75550DE-0D8E-4DD8-B9C7-3698C6F0F539}.Release|Any CPU.ActiveCfg = Release|Any CPU
		{A75550DE-0D8E-4DD8-B9C7-3698C6F0F539}.Release|Any CPU.Build.0 = Release|Any CPU
		{A75550DE-0D8E-4DD8-B9C7-3698C6F0F539}.Release|x86.ActiveCfg = Release|Any CPU
		{A75550DE-0D8E-4DD8-B9C7-3698C6F0F539}.Release|x86.Build.0 = Release|Any CPU
		{536F0A5D-7733-431D-9DB1-D5FA5C17C1AB}.Debug|Any CPU.ActiveCfg = Debug|Any CPU
		{536F0A5D-7733-431D-9DB1-D5FA5C17C1AB}.Debug|Any CPU.Build.0 = Debug|Any CPU
		{536F0A5D-7733-431D-9DB1-D5FA5C17C1AB}.Debug|x86.ActiveCfg = Debug|Any CPU
		{536F0A5D-7733-431D-9DB1-D5FA5C17C1AB}.Debug|x86.Build.0 = Debug|Any CPU
		{536F0A5D-7733-431D-9DB1-D5FA5C17C1AB}.Release|Any CPU.ActiveCfg = Release|Any CPU
		{536F0A5D-7733-431D-9DB1-D5FA5C17C1AB}.Release|Any CPU.Build.0 = Release|Any CPU
		{536F0A5D-7733-431D-9DB1-D5FA5C17C1AB}.Release|x86.ActiveCfg = Release|Any CPU
		{536F0A5D-7733-431D-9DB1-D5FA5C17C1AB}.Release|x86.Build.0 = Release|Any CPU
		{ECAEEC5B-29CB-46E9-B501-CB3FECE5BF29}.Debug|Any CPU.ActiveCfg = Debug|Any CPU
		{ECAEEC5B-29CB-46E9-B501-CB3FECE5BF29}.Debug|Any CPU.Build.0 = Debug|Any CPU
		{ECAEEC5B-29CB-46E9-B501-CB3FECE5BF29}.Debug|x86.ActiveCfg = Debug|Any CPU
		{ECAEEC5B-29CB-46E9-B501-CB3FECE5BF29}.Debug|x86.Build.0 = Debug|Any CPU
		{ECAEEC5B-29CB-46E9-B501-CB3FECE5BF29}.Release|Any CPU.ActiveCfg = Release|Any CPU
		{ECAEEC5B-29CB-46E9-B501-CB3FECE5BF29}.Release|Any CPU.Build.0 = Release|Any CPU
		{ECAEEC5B-29CB-46E9-B501-CB3FECE5BF29}.Release|x86.ActiveCfg = Release|Any CPU
		{ECAEEC5B-29CB-46E9-B501-CB3FECE5BF29}.Release|x86.Build.0 = Release|Any CPU
		{FA48A348-17E8-42D5-9FE3-898BDFC85DC1}.Debug|Any CPU.ActiveCfg = Debug|Any CPU
		{FA48A348-17E8-42D5-9FE3-898BDFC85DC1}.Debug|Any CPU.Build.0 = Debug|Any CPU
		{FA48A348-17E8-42D5-9FE3-898BDFC85DC1}.Debug|x86.ActiveCfg = Debug|Any CPU
		{FA48A348-17E8-42D5-9FE3-898BDFC85DC1}.Debug|x86.Build.0 = Debug|Any CPU
		{FA48A348-17E8-42D5-9FE3-898BDFC85DC1}.Release|Any CPU.ActiveCfg = Release|Any CPU
		{FA48A348-17E8-42D5-9FE3-898BDFC85DC1}.Release|Any CPU.Build.0 = Release|Any CPU
		{FA48A348-17E8-42D5-9FE3-898BDFC85DC1}.Release|x86.ActiveCfg = Release|Any CPU
		{FA48A348-17E8-42D5-9FE3-898BDFC85DC1}.Release|x86.Build.0 = Release|Any CPU
		{15F85F81-98AB-4A5E-95AC-5BA055E72013}.Debug|Any CPU.ActiveCfg = Debug|Any CPU
		{15F85F81-98AB-4A5E-95AC-5BA055E72013}.Debug|Any CPU.Build.0 = Debug|Any CPU
		{15F85F81-98AB-4A5E-95AC-5BA055E72013}.Debug|x86.ActiveCfg = Debug|Any CPU
		{15F85F81-98AB-4A5E-95AC-5BA055E72013}.Debug|x86.Build.0 = Debug|Any CPU
		{15F85F81-98AB-4A5E-95AC-5BA055E72013}.Release|Any CPU.ActiveCfg = Release|Any CPU
		{15F85F81-98AB-4A5E-95AC-5BA055E72013}.Release|Any CPU.Build.0 = Release|Any CPU
		{15F85F81-98AB-4A5E-95AC-5BA055E72013}.Release|x86.ActiveCfg = Release|Any CPU
		{15F85F81-98AB-4A5E-95AC-5BA055E72013}.Release|x86.Build.0 = Release|Any CPU
		{42C5C3CA-9154-40CE-A889-75C83C3539FA}.Debug|Any CPU.ActiveCfg = Debug|Any CPU
		{42C5C3CA-9154-40CE-A889-75C83C3539FA}.Debug|Any CPU.Build.0 = Debug|Any CPU
		{42C5C3CA-9154-40CE-A889-75C83C3539FA}.Debug|x86.ActiveCfg = Debug|Any CPU
		{42C5C3CA-9154-40CE-A889-75C83C3539FA}.Debug|x86.Build.0 = Debug|Any CPU
		{42C5C3CA-9154-40CE-A889-75C83C3539FA}.Release|Any CPU.ActiveCfg = Release|Any CPU
		{42C5C3CA-9154-40CE-A889-75C83C3539FA}.Release|Any CPU.Build.0 = Release|Any CPU
		{42C5C3CA-9154-40CE-A889-75C83C3539FA}.Release|x86.ActiveCfg = Release|Any CPU
		{42C5C3CA-9154-40CE-A889-75C83C3539FA}.Release|x86.Build.0 = Release|Any CPU
		{569CCCC1-1CF9-4693-B366-80F9A3414E18}.Debug|Any CPU.ActiveCfg = Debug|Any CPU
		{569CCCC1-1CF9-4693-B366-80F9A3414E18}.Debug|Any CPU.Build.0 = Debug|Any CPU
		{569CCCC1-1CF9-4693-B366-80F9A3414E18}.Debug|x86.ActiveCfg = Debug|Any CPU
		{569CCCC1-1CF9-4693-B366-80F9A3414E18}.Debug|x86.Build.0 = Debug|Any CPU
		{569CCCC1-1CF9-4693-B366-80F9A3414E18}.Release|Any CPU.ActiveCfg = Release|Any CPU
		{569CCCC1-1CF9-4693-B366-80F9A3414E18}.Release|Any CPU.Build.0 = Release|Any CPU
		{569CCCC1-1CF9-4693-B366-80F9A3414E18}.Release|x86.ActiveCfg = Release|Any CPU
		{569CCCC1-1CF9-4693-B366-80F9A3414E18}.Release|x86.Build.0 = Release|Any CPU
		{61300B2C-6260-466F-871A-C381ACA47F96}.Debug|Any CPU.ActiveCfg = Debug|Any CPU
		{61300B2C-6260-466F-871A-C381ACA47F96}.Debug|Any CPU.Build.0 = Debug|Any CPU
		{61300B2C-6260-466F-871A-C381ACA47F96}.Debug|x86.ActiveCfg = Debug|Any CPU
		{61300B2C-6260-466F-871A-C381ACA47F96}.Debug|x86.Build.0 = Debug|Any CPU
		{61300B2C-6260-466F-871A-C381ACA47F96}.Release|Any CPU.ActiveCfg = Release|Any CPU
		{61300B2C-6260-466F-871A-C381ACA47F96}.Release|Any CPU.Build.0 = Release|Any CPU
		{61300B2C-6260-466F-871A-C381ACA47F96}.Release|x86.ActiveCfg = Release|Any CPU
		{61300B2C-6260-466F-871A-C381ACA47F96}.Release|x86.Build.0 = Release|Any CPU
		{A3CB5CD9-85C1-4BBE-A5FD-DED9BCEF82B2}.Debug|Any CPU.ActiveCfg = Debug|Any CPU
		{A3CB5CD9-85C1-4BBE-A5FD-DED9BCEF82B2}.Debug|Any CPU.Build.0 = Debug|Any CPU
		{A3CB5CD9-85C1-4BBE-A5FD-DED9BCEF82B2}.Debug|x86.ActiveCfg = Debug|Any CPU
		{A3CB5CD9-85C1-4BBE-A5FD-DED9BCEF82B2}.Debug|x86.Build.0 = Debug|Any CPU
		{A3CB5CD9-85C1-4BBE-A5FD-DED9BCEF82B2}.Release|Any CPU.ActiveCfg = Release|Any CPU
		{A3CB5CD9-85C1-4BBE-A5FD-DED9BCEF82B2}.Release|Any CPU.Build.0 = Release|Any CPU
		{A3CB5CD9-85C1-4BBE-A5FD-DED9BCEF82B2}.Release|x86.ActiveCfg = Release|Any CPU
		{A3CB5CD9-85C1-4BBE-A5FD-DED9BCEF82B2}.Release|x86.Build.0 = Release|Any CPU
	EndGlobalSection
	GlobalSection(SolutionProperties) = preSolution
		HideSolutionNode = FALSE
	EndGlobalSection
	GlobalSection(NestedProjects) = preSolution
		{65FDC2DA-A315-4D7D-BB63-2CEC1C934CED} = {C9911284-1BD7-4566-AF74-BC311E423877}
		{13852DA4-1671-4C3B-B09E-C34256E216F6} = {C9911284-1BD7-4566-AF74-BC311E423877}
		{7DDFA110-FBD1-40A7-A30E-1E71FAA2698A} = {C9911284-1BD7-4566-AF74-BC311E423877}
		{E6D37B2E-4161-40D1-87D4-DE9DDC063142} = {C9911284-1BD7-4566-AF74-BC311E423877}
		{A1A2D2F1-A9D7-4698-8996-073E110501D2} = {C9911284-1BD7-4566-AF74-BC311E423877}
		{7448E55E-C728-4801-80CE-52631991D112} = {C9911284-1BD7-4566-AF74-BC311E423877}
		{F90F9B1B-17D0-49B2-B0DD-8991A0729CF2} = {C9911284-1BD7-4566-AF74-BC311E423877}
		{6C8B0EC6-5F18-4685-A338-5C4A517357B2} = {F90F9B1B-17D0-49B2-B0DD-8991A0729CF2}
		{0816A0D3-CDCB-4309-9DCE-6D4EB2AC0421} = {F90F9B1B-17D0-49B2-B0DD-8991A0729CF2}
		{E801ECBC-166F-4717-A726-6F94187F5F72} = {F90F9B1B-17D0-49B2-B0DD-8991A0729CF2}
		{586A91ED-0C21-44FA-BE2E-21BA3FCA4062} = {625DF106-4805-4464-857A-FB1ABE41F1ED}
		{D0B805C3-5BA8-4C30-94FF-357DAEC4E9A8} = {625DF106-4805-4464-857A-FB1ABE41F1ED}
		{AD1183DD-C7E7-4ACB-A03F-8616714C2661} = {625DF106-4805-4464-857A-FB1ABE41F1ED}
		{64CFEB51-8094-47C3-AAD9-0C3D5449E955} = {625DF106-4805-4464-857A-FB1ABE41F1ED}
		{66FC0E68-7E61-48BB-810B-E4AA5210042A} = {625DF106-4805-4464-857A-FB1ABE41F1ED}
		{18F55F3F-0FB2-43D2-8F07-30E4705DA5EA} = {625DF106-4805-4464-857A-FB1ABE41F1ED}
		{3F9A9396-C1BE-4C76-A97E-F3E821B6C722} = {625DF106-4805-4464-857A-FB1ABE41F1ED}
		{11FD484A-155A-49D1-B0F4-2EF62E6C2050} = {625DF106-4805-4464-857A-FB1ABE41F1ED}
		{8A232682-0833-4094-BDE8-BB7C463DA565} = {625DF106-4805-4464-857A-FB1ABE41F1ED}
		{9D9275EA-03B3-4619-BF19-CE4663725B36} = {625DF106-4805-4464-857A-FB1ABE41F1ED}
		{9DD69F4E-4421-42C4-8CD9-59271CBCF044} = {9D9275EA-03B3-4619-BF19-CE4663725B36}
		{2DFAC018-9B3C-4132-BCE4-3CC0F378402B} = {625DF106-4805-4464-857A-FB1ABE41F1ED}
		{BBDAE02D-573C-4AA6-92C1-F8E1B5F20A5C} = {2DFAC018-9B3C-4132-BCE4-3CC0F378402B}
		{594BC4CF-46A5-422F-9E3D-7FCA66AC9F34} = {2DFAC018-9B3C-4132-BCE4-3CC0F378402B}
		{ACD41BA5-5821-447F-9CB9-898FE67770EB} = {625DF106-4805-4464-857A-FB1ABE41F1ED}
		{3C82FC2B-54FA-49FA-A806-A1CB6E79710F} = {ACD41BA5-5821-447F-9CB9-898FE67770EB}
		{60E17715-E0EE-4F3E-B802-C71F40D1DF54} = {ACD41BA5-5821-447F-9CB9-898FE67770EB}
		{B8527CDE-E39F-4116-8260-85F23AD338C6} = {49C9A4E7-6F71-499F-BDC8-51F4AC6F2182}
		{1B5E02D1-DAE1-48B7-8B43-73A1E79403E3} = {2DFAC018-9B3C-4132-BCE4-3CC0F378402B}
		{A75550DE-0D8E-4DD8-B9C7-3698C6F0F539} = {49C9A4E7-6F71-499F-BDC8-51F4AC6F2182}
		{A76BC047-D514-46C8-9EE9-6C94A5BF8E5E} = {625DF106-4805-4464-857A-FB1ABE41F1ED}
		{536F0A5D-7733-431D-9DB1-D5FA5C17C1AB} = {A76BC047-D514-46C8-9EE9-6C94A5BF8E5E}
		{ECAEEC5B-29CB-46E9-B501-CB3FECE5BF29} = {A76BC047-D514-46C8-9EE9-6C94A5BF8E5E}
		{FA48A348-17E8-42D5-9FE3-898BDFC85DC1} = {49C9A4E7-6F71-499F-BDC8-51F4AC6F2182}
		{15F85F81-98AB-4A5E-95AC-5BA055E72013} = {2DFAC018-9B3C-4132-BCE4-3CC0F378402B}
		{157D2F84-B54F-44C6-B075-4F281FB76C6B} = {625DF106-4805-4464-857A-FB1ABE41F1ED}
		{42C5C3CA-9154-40CE-A889-75C83C3539FA} = {157D2F84-B54F-44C6-B075-4F281FB76C6B}
		{921B3B9B-6FDF-41FB-A285-E5C06121AE72} = {625DF106-4805-4464-857A-FB1ABE41F1ED}
		{569CCCC1-1CF9-4693-B366-80F9A3414E18} = {921B3B9B-6FDF-41FB-A285-E5C06121AE72}
		{61300B2C-6260-466F-871A-C381ACA47F96} = {157D2F84-B54F-44C6-B075-4F281FB76C6B}
		{A3CB5CD9-85C1-4BBE-A5FD-DED9BCEF82B2} = {49C9A4E7-6F71-499F-BDC8-51F4AC6F2182}
	EndGlobalSection
	GlobalSection(ExtensibilityGlobals) = postSolution
		SolutionGuid = {99DA3533-8288-452D-8587-27F0BBC96682}
	EndGlobalSection
EndGlobal
