
Microsoft Visual Studio Solution File, Format Version 12.00
# Visual Studio 15
VisualStudioVersion = 15.0.27004.2009
MinimumVisualStudioVersion = 10.0.40219.1
Project("{FAE04EC0-301F-11D3-BF4B-00C04F79EFBC}") = "Peter.Windsor.Interceptor", "DotNet\Peter.Interceptor\Peter.Windsor.Interceptor.csproj", "{65FDC2DA-A315-4D7D-BB63-2CEC1C934CED}"
EndProject
Project("{FAE04EC0-301F-11D3-BF4B-00C04F79EFBC}") = "CastleAdditionalInterfaces", "DotNet\CastleAdditionalInterfaces\CastleAdditionalInterfaces.csproj", "{13852DA4-1671-4C3B-B09E-C34256E216F6}"
EndProject
Project("{FAE04EC0-301F-11D3-BF4B-00C04F79EFBC}") = "CRLTest", "DotNet\CRLTest\CRLTest.csproj", "{7DDFA110-FBD1-40A7-A30E-1E71FAA2698A}"
EndProject
Project("{FAE04EC0-301F-11D3-BF4B-00C04F79EFBC}") = "RegexTest", "DotNet\RegexTest\RegexTest.csproj", "{E6D37B2E-4161-40D1-87D4-DE9DDC063142}"
EndProject
Project("{FAE04EC0-301F-11D3-BF4B-00C04F79EFBC}") = "CompressSample", "DotNet\CompressSample\CompressSample\CompressSample.csproj", "{A1A2D2F1-A9D7-4698-8996-073E110501D2}"
EndProject
Project("{9A19103F-16F7-4668-BE54-9A1E7A4F7556}") = "IocContainer", "DotNet\IocContainer\IocContainer.csproj", "{7448E55E-C728-4801-80CE-52631991D112}"
EndProject
Project("{2150E333-8FDC-42A3-9474-1A3956D46DE8}") = "DotNet", "DotNet", "{C9911284-1BD7-4566-AF74-BC311E423877}"
EndProject
Project("{2150E333-8FDC-42A3-9474-1A3956D46DE8}") = "Python", "Python", "{49C9A4E7-6F71-499F-BDC8-51F4AC6F2182}"
EndProject
Project("{888888A0-9F3D-457C-B088-3A5042F75D52}") = "PythonWeb", "Python\PythonWeb\PythonWeb.pyproj", "{67C51299-2299-4CE7-BA10-8B586A658848}"
EndProject
Project("{2150E333-8FDC-42A3-9474-1A3956D46DE8}") = "AutoMapper", "AutoMapper", "{F90F9B1B-17D0-49B2-B0DD-8991A0729CF2}"
EndProject
Project("{2150E333-8FDC-42A3-9474-1A3956D46DE8}") = "NetCore", "NetCore", "{625DF106-4805-4464-857A-FB1ABE41F1ED}"
EndProject
Project("{FAE04EC0-301F-11D3-BF4B-00C04F79EFBC}") = "AutoMapperLib1", "DotNet\AutoMapper\AutoMapperLib1\AutoMapperLib1.csproj", "{6C8B0EC6-5F18-4685-A338-5C4A517357B2}"
EndProject
Project("{FAE04EC0-301F-11D3-BF4B-00C04F79EFBC}") = "AutoMapperLib2", "DotNet\AutoMapper\AutoMapperLib2\AutoMapperLib2.csproj", "{0816A0D3-CDCB-4309-9DCE-6D4EB2AC0421}"
EndProject
Project("{FAE04EC0-301F-11D3-BF4B-00C04F79EFBC}") = "AutoMapperTest", "DotNet\AutoMapper\AutoMapperTest\AutoMapperTest.csproj", "{E801ECBC-166F-4717-A726-6F94187F5F72}"
EndProject
Project("{9A19103F-16F7-4668-BE54-9A1E7A4F7556}") = "PostSqlMvcDemo", "NetCore\PostSqlMvcDemo\PostSqlMvcDemo.csproj", "{586A91ED-0C21-44FA-BE2E-21BA3FCA4062}"
EndProject
Project("{9A19103F-16F7-4668-BE54-9A1E7A4F7556}") = "PostSqlMvcDemoUnitTest", "NetCore\PostSqlMvcDemoUnitTest\PostSqlMvcDemoUnitTest.csproj", "{D0B805C3-5BA8-4C30-94FF-357DAEC4E9A8}"
EndProject
Project("{9A19103F-16F7-4668-BE54-9A1E7A4F7556}") = "PostSqlMvcxUnitTest", "NetCore\PostSqlMvcxUnitTest\PostSqlMvcxUnitTest.csproj", "{AD1183DD-C7E7-4ACB-A03F-8616714C2661}"
EndProject
Project("{FAE04EC0-301F-11D3-BF4B-00C04F79EFBC}") = "ApiDemo", "NetCore\ApiDemo\ApiDemo.csproj", "{64CFEB51-8094-47C3-AAD9-0C3D5449E955}"
EndProject
Global
	GlobalSection(SolutionConfigurationPlatforms) = preSolution
		Debug|Any CPU = Debug|Any CPU
		Debug|x86 = Debug|x86
		Release|Any CPU = Release|Any CPU
		Release|x86 = Release|x86
	EndGlobalSection
	GlobalSection(ProjectConfigurationPlatforms) = postSolution
		{65FDC2DA-A315-4D7D-BB63-2CEC1C934CED}.Debug|Any CPU.ActiveCfg = Debug|Any CPU
		{65FDC2DA-A315-4D7D-BB63-2CEC1C934CED}.Debug|Any CPU.Build.0 = Debug|Any CPU
		{65FDC2DA-A315-4D7D-BB63-2CEC1C934CED}.Debug|x86.ActiveCfg = Debug|Any CPU
		{65FDC2DA-A315-4D7D-BB63-2CEC1C934CED}.Debug|x86.Build.0 = Debug|Any CPU
		{65FDC2DA-A315-4D7D-BB63-2CEC1C934CED}.Release|Any CPU.ActiveCfg = Release|Any CPU
		{65FDC2DA-A315-4D7D-BB63-2CEC1C934CED}.Release|Any CPU.Build.0 = Release|Any CPU
		{65FDC2DA-A315-4D7D-BB63-2CEC1C934CED}.Release|x86.ActiveCfg = Release|Any CPU
		{65FDC2DA-A315-4D7D-BB63-2CEC1C934CED}.Release|x86.Build.0 = Release|Any CPU
		{13852DA4-1671-4C3B-B09E-C34256E216F6}.Debug|Any CPU.ActiveCfg = Debug|Any CPU
		{13852DA4-1671-4C3B-B09E-C34256E216F6}.Debug|Any CPU.Build.0 = Debug|Any CPU
		{13852DA4-1671-4C3B-B09E-C34256E216F6}.Debug|x86.ActiveCfg = Debug|Any CPU
		{13852DA4-1671-4C3B-B09E-C34256E216F6}.Debug|x86.Build.0 = Debug|Any CPU
		{13852DA4-1671-4C3B-B09E-C34256E216F6}.Release|Any CPU.ActiveCfg = Release|Any CPU
		{13852DA4-1671-4C3B-B09E-C34256E216F6}.Release|Any CPU.Build.0 = Release|Any CPU
		{13852DA4-1671-4C3B-B09E-C34256E216F6}.Release|x86.ActiveCfg = Release|Any CPU
		{13852DA4-1671-4C3B-B09E-C34256E216F6}.Release|x86.Build.0 = Release|Any CPU
		{7DDFA110-FBD1-40A7-A30E-1E71FAA2698A}.Debug|Any CPU.ActiveCfg = Debug|Any CPU
		{7DDFA110-FBD1-40A7-A30E-1E71FAA2698A}.Debug|Any CPU.Build.0 = Debug|Any CPU
		{7DDFA110-FBD1-40A7-A30E-1E71FAA2698A}.Debug|x86.ActiveCfg = Debug|Any CPU
		{7DDFA110-FBD1-40A7-A30E-1E71FAA2698A}.Debug|x86.Build.0 = Debug|Any CPU
		{7DDFA110-FBD1-40A7-A30E-1E71FAA2698A}.Release|Any CPU.ActiveCfg = Release|Any CPU
		{7DDFA110-FBD1-40A7-A30E-1E71FAA2698A}.Release|Any CPU.Build.0 = Release|Any CPU
		{7DDFA110-FBD1-40A7-A30E-1E71FAA2698A}.Release|x86.ActiveCfg = Release|Any CPU
		{7DDFA110-FBD1-40A7-A30E-1E71FAA2698A}.Release|x86.Build.0 = Release|Any CPU
		{E6D37B2E-4161-40D1-87D4-DE9DDC063142}.Debug|Any CPU.ActiveCfg = Debug|Any CPU
		{E6D37B2E-4161-40D1-87D4-DE9DDC063142}.Debug|Any CPU.Build.0 = Debug|Any CPU
		{E6D37B2E-4161-40D1-87D4-DE9DDC063142}.Debug|x86.ActiveCfg = Debug|Any CPU
		{E6D37B2E-4161-40D1-87D4-DE9DDC063142}.Debug|x86.Build.0 = Debug|Any CPU
		{E6D37B2E-4161-40D1-87D4-DE9DDC063142}.Release|Any CPU.ActiveCfg = Release|Any CPU
		{E6D37B2E-4161-40D1-87D4-DE9DDC063142}.Release|Any CPU.Build.0 = Release|Any CPU
		{E6D37B2E-4161-40D1-87D4-DE9DDC063142}.Release|x86.ActiveCfg = Release|Any CPU
		{E6D37B2E-4161-40D1-87D4-DE9DDC063142}.Release|x86.Build.0 = Release|Any CPU
		{A1A2D2F1-A9D7-4698-8996-073E110501D2}.Debug|Any CPU.ActiveCfg = Debug|x86
		{A1A2D2F1-A9D7-4698-8996-073E110501D2}.Debug|x86.ActiveCfg = Debug|x86
		{A1A2D2F1-A9D7-4698-8996-073E110501D2}.Debug|x86.Build.0 = Debug|x86
		{A1A2D2F1-A9D7-4698-8996-073E110501D2}.Release|Any CPU.ActiveCfg = Release|x86
		{A1A2D2F1-A9D7-4698-8996-073E110501D2}.Release|x86.ActiveCfg = Release|x86
		{A1A2D2F1-A9D7-4698-8996-073E110501D2}.Release|x86.Build.0 = Release|x86
		{7448E55E-C728-4801-80CE-52631991D112}.Debug|Any CPU.ActiveCfg = Debug|Any CPU
		{7448E55E-C728-4801-80CE-52631991D112}.Debug|Any CPU.Build.0 = Debug|Any CPU
		{7448E55E-C728-4801-80CE-52631991D112}.Debug|x86.ActiveCfg = Debug|Any CPU
		{7448E55E-C728-4801-80CE-52631991D112}.Debug|x86.Build.0 = Debug|Any CPU
		{7448E55E-C728-4801-80CE-52631991D112}.Release|Any CPU.ActiveCfg = Release|Any CPU
		{7448E55E-C728-4801-80CE-52631991D112}.Release|Any CPU.Build.0 = Release|Any CPU
		{7448E55E-C728-4801-80CE-52631991D112}.Release|x86.ActiveCfg = Release|Any CPU
		{7448E55E-C728-4801-80CE-52631991D112}.Release|x86.Build.0 = Release|Any CPU
		{67C51299-2299-4CE7-BA10-8B586A658848}.Debug|Any CPU.ActiveCfg = Debug|Any CPU
		{67C51299-2299-4CE7-BA10-8B586A658848}.Debug|Any CPU.Build.0 = Debug|Any CPU
		{67C51299-2299-4CE7-BA10-8B586A658848}.Debug|x86.ActiveCfg = Debug|Any CPU
		{67C51299-2299-4CE7-BA10-8B586A658848}.Debug|x86.Build.0 = Debug|Any CPU
		{67C51299-2299-4CE7-BA10-8B586A658848}.Release|Any CPU.ActiveCfg = Release|Any CPU
		{67C51299-2299-4CE7-BA10-8B586A658848}.Release|Any CPU.Build.0 = Release|Any CPU
		{67C51299-2299-4CE7-BA10-8B586A658848}.Release|x86.ActiveCfg = Release|Any CPU
		{67C51299-2299-4CE7-BA10-8B586A658848}.Release|x86.Build.0 = Release|Any CPU
		{6C8B0EC6-5F18-4685-A338-5C4A517357B2}.Debug|Any CPU.ActiveCfg = Debug|Any CPU
		{6C8B0EC6-5F18-4685-A338-5C4A517357B2}.Debug|Any CPU.Build.0 = Debug|Any CPU
		{6C8B0EC6-5F18-4685-A338-5C4A517357B2}.Debug|x86.ActiveCfg = Debug|Any CPU
		{6C8B0EC6-5F18-4685-A338-5C4A517357B2}.Debug|x86.Build.0 = Debug|Any CPU
		{6C8B0EC6-5F18-4685-A338-5C4A517357B2}.Release|Any CPU.ActiveCfg = Release|Any CPU
		{6C8B0EC6-5F18-4685-A338-5C4A517357B2}.Release|Any CPU.Build.0 = Release|Any CPU
		{6C8B0EC6-5F18-4685-A338-5C4A517357B2}.Release|x86.ActiveCfg = Release|Any CPU
		{6C8B0EC6-5F18-4685-A338-5C4A517357B2}.Release|x86.Build.0 = Release|Any CPU
		{0816A0D3-CDCB-4309-9DCE-6D4EB2AC0421}.Debug|Any CPU.ActiveCfg = Debug|Any CPU
		{0816A0D3-CDCB-4309-9DCE-6D4EB2AC0421}.Debug|Any CPU.Build.0 = Debug|Any CPU
		{0816A0D3-CDCB-4309-9DCE-6D4EB2AC0421}.Debug|x86.ActiveCfg = Debug|Any CPU
		{0816A0D3-CDCB-4309-9DCE-6D4EB2AC0421}.Debug|x86.Build.0 = Debug|Any CPU
		{0816A0D3-CDCB-4309-9DCE-6D4EB2AC0421}.Release|Any CPU.ActiveCfg = Release|Any CPU
		{0816A0D3-CDCB-4309-9DCE-6D4EB2AC0421}.Release|Any CPU.Build.0 = Release|Any CPU
		{0816A0D3-CDCB-4309-9DCE-6D4EB2AC0421}.Release|x86.ActiveCfg = Release|Any CPU
		{0816A0D3-CDCB-4309-9DCE-6D4EB2AC0421}.Release|x86.Build.0 = Release|Any CPU
		{E801ECBC-166F-4717-A726-6F94187F5F72}.Debug|Any CPU.ActiveCfg = Debug|Any CPU
		{E801ECBC-166F-4717-A726-6F94187F5F72}.Debug|Any CPU.Build.0 = Debug|Any CPU
		{E801ECBC-166F-4717-A726-6F94187F5F72}.Debug|x86.ActiveCfg = Debug|Any CPU
		{E801ECBC-166F-4717-A726-6F94187F5F72}.Debug|x86.Build.0 = Debug|Any CPU
		{E801ECBC-166F-4717-A726-6F94187F5F72}.Release|Any CPU.ActiveCfg = Release|Any CPU
		{E801ECBC-166F-4717-A726-6F94187F5F72}.Release|Any CPU.Build.0 = Release|Any CPU
		{E801ECBC-166F-4717-A726-6F94187F5F72}.Release|x86.ActiveCfg = Release|Any CPU
		{E801ECBC-166F-4717-A726-6F94187F5F72}.Release|x86.Build.0 = Release|Any CPU
		{586A91ED-0C21-44FA-BE2E-21BA3FCA4062}.Debug|Any CPU.ActiveCfg = Debug|Any CPU
		{586A91ED-0C21-44FA-BE2E-21BA3FCA4062}.Debug|Any CPU.Build.0 = Debug|Any CPU
		{586A91ED-0C21-44FA-BE2E-21BA3FCA4062}.Debug|x86.ActiveCfg = Debug|Any CPU
		{586A91ED-0C21-44FA-BE2E-21BA3FCA4062}.Debug|x86.Build.0 = Debug|Any CPU
		{586A91ED-0C21-44FA-BE2E-21BA3FCA4062}.Release|Any CPU.ActiveCfg = Release|Any CPU
		{586A91ED-0C21-44FA-BE2E-21BA3FCA4062}.Release|Any CPU.Build.0 = Release|Any CPU
		{586A91ED-0C21-44FA-BE2E-21BA3FCA4062}.Release|x86.ActiveCfg = Release|Any CPU
		{586A91ED-0C21-44FA-BE2E-21BA3FCA4062}.Release|x86.Build.0 = Release|Any CPU
		{D0B805C3-5BA8-4C30-94FF-357DAEC4E9A8}.Debug|Any CPU.ActiveCfg = Debug|Any CPU
		{D0B805C3-5BA8-4C30-94FF-357DAEC4E9A8}.Debug|Any CPU.Build.0 = Debug|Any CPU
		{D0B805C3-5BA8-4C30-94FF-357DAEC4E9A8}.Debug|x86.ActiveCfg = Debug|Any CPU
		{D0B805C3-5BA8-4C30-94FF-357DAEC4E9A8}.Debug|x86.Build.0 = Debug|Any CPU
		{D0B805C3-5BA8-4C30-94FF-357DAEC4E9A8}.Release|Any CPU.ActiveCfg = Release|Any CPU
		{D0B805C3-5BA8-4C30-94FF-357DAEC4E9A8}.Release|Any CPU.Build.0 = Release|Any CPU
		{D0B805C3-5BA8-4C30-94FF-357DAEC4E9A8}.Release|x86.ActiveCfg = Release|Any CPU
		{D0B805C3-5BA8-4C30-94FF-357DAEC4E9A8}.Release|x86.Build.0 = Release|Any CPU
		{AD1183DD-C7E7-4ACB-A03F-8616714C2661}.Debug|Any CPU.ActiveCfg = Debug|Any CPU
		{AD1183DD-C7E7-4ACB-A03F-8616714C2661}.Debug|Any CPU.Build.0 = Debug|Any CPU
		{AD1183DD-C7E7-4ACB-A03F-8616714C2661}.Debug|x86.ActiveCfg = Debug|Any CPU
		{AD1183DD-C7E7-4ACB-A03F-8616714C2661}.Debug|x86.Build.0 = Debug|Any CPU
		{AD1183DD-C7E7-4ACB-A03F-8616714C2661}.Release|Any CPU.ActiveCfg = Release|Any CPU
		{AD1183DD-C7E7-4ACB-A03F-8616714C2661}.Release|Any CPU.Build.0 = Release|Any CPU
		{AD1183DD-C7E7-4ACB-A03F-8616714C2661}.Release|x86.ActiveCfg = Release|Any CPU
		{AD1183DD-C7E7-4ACB-A03F-8616714C2661}.Release|x86.Build.0 = Release|Any CPU
		{64CFEB51-8094-47C3-AAD9-0C3D5449E955}.Debug|Any CPU.ActiveCfg = Debug|Any CPU
		{64CFEB51-8094-47C3-AAD9-0C3D5449E955}.Debug|Any CPU.Build.0 = Debug|Any CPU
		{64CFEB51-8094-47C3-AAD9-0C3D5449E955}.Debug|x86.ActiveCfg = Debug|Any CPU
		{64CFEB51-8094-47C3-AAD9-0C3D5449E955}.Debug|x86.Build.0 = Debug|Any CPU
		{64CFEB51-8094-47C3-AAD9-0C3D5449E955}.Release|Any CPU.ActiveCfg = Release|Any CPU
		{64CFEB51-8094-47C3-AAD9-0C3D5449E955}.Release|Any CPU.Build.0 = Release|Any CPU
		{64CFEB51-8094-47C3-AAD9-0C3D5449E955}.Release|x86.ActiveCfg = Release|Any CPU
		{64CFEB51-8094-47C3-AAD9-0C3D5449E955}.Release|x86.Build.0 = Release|Any CPU
	EndGlobalSection
	GlobalSection(SolutionProperties) = preSolution
		HideSolutionNode = FALSE
	EndGlobalSection
	GlobalSection(NestedProjects) = preSolution
		{65FDC2DA-A315-4D7D-BB63-2CEC1C934CED} = {C9911284-1BD7-4566-AF74-BC311E423877}
		{13852DA4-1671-4C3B-B09E-C34256E216F6} = {C9911284-1BD7-4566-AF74-BC311E423877}
		{7DDFA110-FBD1-40A7-A30E-1E71FAA2698A} = {C9911284-1BD7-4566-AF74-BC311E423877}
		{E6D37B2E-4161-40D1-87D4-DE9DDC063142} = {C9911284-1BD7-4566-AF74-BC311E423877}
		{A1A2D2F1-A9D7-4698-8996-073E110501D2} = {C9911284-1BD7-4566-AF74-BC311E423877}
		{7448E55E-C728-4801-80CE-52631991D112} = {C9911284-1BD7-4566-AF74-BC311E423877}
		{67C51299-2299-4CE7-BA10-8B586A658848} = {49C9A4E7-6F71-499F-BDC8-51F4AC6F2182}
		{F90F9B1B-17D0-49B2-B0DD-8991A0729CF2} = {C9911284-1BD7-4566-AF74-BC311E423877}
		{6C8B0EC6-5F18-4685-A338-5C4A517357B2} = {F90F9B1B-17D0-49B2-B0DD-8991A0729CF2}
		{0816A0D3-CDCB-4309-9DCE-6D4EB2AC0421} = {F90F9B1B-17D0-49B2-B0DD-8991A0729CF2}
		{E801ECBC-166F-4717-A726-6F94187F5F72} = {F90F9B1B-17D0-49B2-B0DD-8991A0729CF2}
		{586A91ED-0C21-44FA-BE2E-21BA3FCA4062} = {625DF106-4805-4464-857A-FB1ABE41F1ED}
		{D0B805C3-5BA8-4C30-94FF-357DAEC4E9A8} = {625DF106-4805-4464-857A-FB1ABE41F1ED}
		{AD1183DD-C7E7-4ACB-A03F-8616714C2661} = {625DF106-4805-4464-857A-FB1ABE41F1ED}
		{64CFEB51-8094-47C3-AAD9-0C3D5449E955} = {625DF106-4805-4464-857A-FB1ABE41F1ED}
	EndGlobalSection
	GlobalSection(ExtensibilityGlobals) = postSolution
		SolutionGuid = {99DA3533-8288-452D-8587-27F0BBC96682}
	EndGlobalSection
EndGlobal
